
Microsoft Visual Studio Solution File, Format Version 12.00
# Visual Studio 2012
Project("{8BC9CEB8-8B4A-11D0-8D11-00A0C91BC942}") = "sem3_sdd", "sem3_sdd\sem3_sdd.vcxproj", "{A4FD892F-B5EB-477D-A389-15B44F363BFD}"
EndProject
Global
	GlobalSection(SolutionConfigurationPlatforms) = preSolution
		Debug|Win32 = Debug|Win32
		Release|Win32 = Release|Win32
	EndGlobalSection
	GlobalSection(ProjectConfigurationPlatforms) = postSolution
		{A4FD892F-B5EB-477D-A389-15B44F363BFD}.Debug|Win32.ActiveCfg = Debug|Win32
		{A4FD892F-B5EB-477D-A389-15B44F363BFD}.Debug|Win32.Build.0 = Debug|Win32
		{A4FD892F-B5EB-477D-A389-15B44F363BFD}.Release|Win32.ActiveCfg = Release|Win32
		{A4FD892F-B5EB-477D-A389-15B44F363BFD}.Release|Win32.Build.0 = Release|Win32
	EndGlobalSection
	GlobalSection(SolutionProperties) = preSolution
		HideSolutionNode = FALSE
	EndGlobalSection
EndGlobal
